PODS:
  - Alamofire (5.6.2)
  - Differentiator (5.0.0)
  - FittedSheets (2.5.3)
  - IQKeyboardManagerSwift (6.5.10)
  - MBProgressHUD (1.2.0)
  - Moya/Core (15.0.0):
    - Alamofire (~> 5.0)
  - Moya/RxSwift (15.0.0):
    - Moya/Core
    - RxSwift (~> 6.0)
  - RxCocoa (6.5.0):
    - RxRelay (= 6.5.0)
    - RxSwift (= 6.5.0)
  - RxDataSources (5.0.0):
    - Differentiator (~> 5.0)
    - RxCocoa (~> 6.0)
    - RxSwift (~> 6.0)
  - RxGesture (4.0.4):
    - RxCocoa (~> 6.0)
    - RxSwift (~> 6.0)
  - RxRelay (6.5.0):
    - RxSwift (= 6.5.0)
  - RxSwift (6.5.0)
  - Toast-Swift (5.0.1)

DEPENDENCIES:
  - FittedSheets
  - IQKeyboardManagerSwift
  - MBProgressHUD
  - Moya/RxSwift (~> 15.0)
  - RxCocoa
  - RxDataSources
  - RxGesture
  - Toast-Swift

SPEC REPOS:
  trunk:
    - Alamofire
    - Differentiator
    - FittedSheets
    - IQKeyboardManagerSwift
    - MBProgressHUD
    - Moya
    - RxCocoa
    - RxDataSources
    - RxGesture
    - RxRelay
    - RxSwift
    - Toast-Swift

SPEC CHECKSUMS:
  Alamofire: d368e1ff8a298e6dde360e35a3e68e6c610e7204
  Differentiator: e8497ceab83c1b10ca233716d547b9af21b9344d
  FittedSheets: c22df4c06036515f247951fa174912e8a65c8ce4
  IQKeyboardManagerSwift: 52962c76ab33532f15ad9f3ff4e5715eda5335bb
  MBProgressHUD: 3ee5efcc380f6a79a7cc9b363dd669c5e1ae7406
  Moya: 138f0573e53411fb3dc17016add0b748dfbd78ee
  RxCocoa: 94f817b71c07517321eb4f9ad299112ca8af743b
  RxDataSources: aa47cc1ed6c500fa0dfecac5c979b723542d79cf
  RxGesture: f3efb47ed2d26a8082f7b660d4a59970e275a7f8
  RxRelay: 1de1523e604c72b6c68feadedd1af3b1b4d0ecbd
  RxSwift: 5710a9e6b17f3c3d6e40d6e559b9fa1e813b2ef8
  Toast-Swift: 9b6a70f28b3bf0b96c40d46c0c4b9d6639846711

PODFILE CHECKSUM: 8c7a769fd48aec28f34ff8fdeecae5c3a535c6f4

COCOAPODS: 1.11.2
